
Microsoft Visual Studio Solution File, Format Version 12.00
# Visual Studio Version 17
VisualStudioVersion = 17.8.34330.188
MinimumVisualStudioVersion = 10.0.40219.1
Project("{FAE04EC0-301F-11D3-BF4B-00C04F79EFBC}") = "AdventureLogger", "AdventureLogger.csproj", "{E00D13DB-65A5-474D-BB9F-F4AC9024C551}"
EndProject
Global
	GlobalSection(SolutionConfigurationPlatforms) = preSolution
		Debug|Any CPU = Debug|Any CPU
		Release|Any CPU = Release|Any CPU
	EndGlobalSection
	GlobalSection(ProjectConfigurationPlatforms) = postSolution
		{E00D13DB-65A5-474D-BB9F-F4AC9024C551}.Debug|Any CPU.ActiveCfg = Debug|Any CPU
		{E00D13DB-65A5-474D-BB9F-F4AC9024C551}.Debug|Any CPU.Build.0 = Debug|Any CPU
		{E00D13DB-65A5-474D-BB9F-F4AC9024C551}.Debug|Any CPU.Deploy.0 = Debug|Any CPU
		{E00D13DB-65A5-474D-BB9F-F4AC9024C551}.Release|Any CPU.ActiveCfg = Release|Any CPU
		{E00D13DB-65A5-474D-BB9F-F4AC9024C551}.Release|Any CPU.Build.0 = Release|Any CPU
		{E00D13DB-65A5-474D-BB9F-F4AC9024C551}.Release|Any CPU.Deploy.0 = Release|Any CPU
	EndGlobalSection
	GlobalSection(SolutionProperties) = preSolution
		HideSolutionNode = FALSE
	EndGlobalSection
	GlobalSection(ExtensibilityGlobals) = postSolution
		SolutionGuid = {37674337-0CDC-421B-B954-2E43369037BE}
	EndGlobalSection
EndGlobal
